
Microsoft Visual Studio Solution File, Format Version 11.00
# Visual Studio 2010
Project("{FAE04EC0-301F-11D3-BF4B-00C04F79EFBC}") = "GradeGrinder.Domain", "GradeGrinder.Domain\GradeGrinder.Domain.csproj", "{E2ED7A3E-A3A5-4039-9A07-86C8A4B8619E}"
EndProject
Project("{FAE04EC0-301F-11D3-BF4B-00C04F79EFBC}") = "GradeGrinder.Persistence", "GradeGrinder.Persistence\GradeGrinder.Persistence.csproj", "{92F4C7D5-BB9B-46A9-A67C-CF378CF2C8BE}"
EndProject
Project("{FAE04EC0-301F-11D3-BF4B-00C04F79EFBC}") = "GradeGrinder.Persistence.Hibernate", "GradeGrinder.Persistence.Hibernate\GradeGrinder.Persistence.Hibernate.csproj", "{5B405EEF-37A5-43F1-A06F-636773D953BA}"
EndProject
Project("{FAE04EC0-301F-11D3-BF4B-00C04F79EFBC}") = "GradeGrinder.Persistence.Hibernate.Test", "GradeGrinder.Persistence.Hibernate.Test\GradeGrinder.Persistence.Hibernate.Test.csproj", "{7077F80F-A0C9-4812-8F23-8E2D60388EC4}"
EndProject
Project("{FAE04EC0-301F-11D3-BF4B-00C04F79EFBC}") = "GradeGrinder.Gui.Desktop", "GradeGrinder.Gui.Desktop\GradeGrinder.Gui.Desktop.csproj", "{0969A238-5835-4619-B33B-9BC0F6258587}"
EndProject
Project("{FAE04EC0-301F-11D3-BF4B-00C04F79EFBC}") = "GradeGrinder.Gui.Infrastructure", "GradeGrinder.Gui.Infrastructure\GradeGrinder.Gui.Infrastructure.csproj", "{8F985F19-E5A3-4A0C-BC3E-D174C539703F}"
EndProject
Project("{FAE04EC0-301F-11D3-BF4B-00C04F79EFBC}") = "GradeGrinder.Gui.Interfaces", "GradeGrinder.Gui.Interfaces\GradeGrinder.Gui.Interfaces.csproj", "{54B7EA1C-FA44-4287-BDDF-38189FD096BC}"
EndProject
Project("{FAE04EC0-301F-11D3-BF4B-00C04F79EFBC}") = "GradeGrinder.Gui.MainMenuModule", "GradeGrinder.Gui.MainMenuModule\GradeGrinder.Gui.MainMenuModule.csproj", "{8B630C66-D4AA-4FD0-BE9D-7F8411E98B2D}"
EndProject
Project("{FAE04EC0-301F-11D3-BF4B-00C04F79EFBC}") = "GradeGrinder.Common", "GradeGrinder.Common\GradeGrinder.Common.csproj", "{2BBFF07F-123B-4B5E-9475-6359AE84F72A}"
EndProject
Project("{FAE04EC0-301F-11D3-BF4B-00C04F79EFBC}") = "GradeGrinder.Service", "GradeGrinder.Service\GradeGrinder.Service.csproj", "{CF63D098-A9FD-47DB-8F0A-8B97383CB5F7}"
EndProject
Project("{FAE04EC0-301F-11D3-BF4B-00C04F79EFBC}") = "GradeGrinder.Service.Test", "GradeGrinder.Service.Test\GradeGrinder.Service.Test.csproj", "{E8F708C9-3481-4738-8057-640CF3F97833}"
EndProject
Project("{FAE04EC0-301F-11D3-BF4B-00C04F79EFBC}") = "GradeGrinder.IoC.Windsor", "GradeGrinder.IoC.Windsor\GradeGrinder.IoC.Windsor.csproj", "{CE96F074-5961-4D8D-9071-9769A454C312}"
EndProject
Project("{FAE04EC0-301F-11D3-BF4B-00C04F79EFBC}") = "GradeGrinder.Gui.StatusBarModule", "GradeGrinder.Gui.StatusBarModule\GradeGrinder.Gui.StatusBarModule.csproj", "{E56F4C35-49AB-41F6-ABFD-77424F2E00D8}"
EndProject
Project("{2150E333-8FDC-42A3-9474-1A3956D46DE8}") = "Solution Items", "Solution Items", "{0B9432D7-F5C1-43B8-BBF5-768B77F1EC2E}"
	ProjectSection(SolutionItems) = preProject
		readme-prism.txt = readme-prism.txt
	EndProjectSection
EndProject
Project("{FAE04EC0-301F-11D3-BF4B-00C04F79EFBC}") = "GradeGrinder.Gui.StatusBarModule.Test", "GradeGrinder.Gui.StatusBarModule.Test\GradeGrinder.Gui.StatusBarModule.Test.csproj", "{E4FF8B4B-BADD-4E2B-A63D-EA7027475C52}"
EndProject
Global
	GlobalSection(SolutionConfigurationPlatforms) = preSolution
		Debug|Any CPU = Debug|Any CPU
		Debug|Mixed Platforms = Debug|Mixed Platforms
		Debug|x86 = Debug|x86
		Release|Any CPU = Release|Any CPU
		Release|Mixed Platforms = Release|Mixed Platforms
		Release|x86 = Release|x86
	EndGlobalSection
	GlobalSection(ProjectConfigurationPlatforms) = postSolution
		{E2ED7A3E-A3A5-4039-9A07-86C8A4B8619E}.Debug|Any CPU.ActiveCfg = Debug|Any CPU
		{E2ED7A3E-A3A5-4039-9A07-86C8A4B8619E}.Debug|Any CPU.Build.0 = Debug|Any CPU
		{E2ED7A3E-A3A5-4039-9A07-86C8A4B8619E}.Debug|Mixed Platforms.ActiveCfg = Debug|x86
		{E2ED7A3E-A3A5-4039-9A07-86C8A4B8619E}.Debug|Mixed Platforms.Build.0 = Debug|x86
		{E2ED7A3E-A3A5-4039-9A07-86C8A4B8619E}.Debug|x86.ActiveCfg = Debug|x86
		{E2ED7A3E-A3A5-4039-9A07-86C8A4B8619E}.Debug|x86.Build.0 = Debug|x86
		{E2ED7A3E-A3A5-4039-9A07-86C8A4B8619E}.Release|Any CPU.ActiveCfg = Release|Any CPU
		{E2ED7A3E-A3A5-4039-9A07-86C8A4B8619E}.Release|Any CPU.Build.0 = Release|Any CPU
		{E2ED7A3E-A3A5-4039-9A07-86C8A4B8619E}.Release|Mixed Platforms.ActiveCfg = Release|x86
		{E2ED7A3E-A3A5-4039-9A07-86C8A4B8619E}.Release|Mixed Platforms.Build.0 = Release|x86
		{E2ED7A3E-A3A5-4039-9A07-86C8A4B8619E}.Release|x86.ActiveCfg = Release|x86
		{E2ED7A3E-A3A5-4039-9A07-86C8A4B8619E}.Release|x86.Build.0 = Release|x86
		{92F4C7D5-BB9B-46A9-A67C-CF378CF2C8BE}.Debug|Any CPU.ActiveCfg = Debug|Any CPU
		{92F4C7D5-BB9B-46A9-A67C-CF378CF2C8BE}.Debug|Any CPU.Build.0 = Debug|Any CPU
		{92F4C7D5-BB9B-46A9-A67C-CF378CF2C8BE}.Debug|Mixed Platforms.ActiveCfg = Debug|x86
		{92F4C7D5-BB9B-46A9-A67C-CF378CF2C8BE}.Debug|Mixed Platforms.Build.0 = Debug|x86
		{92F4C7D5-BB9B-46A9-A67C-CF378CF2C8BE}.Debug|x86.ActiveCfg = Debug|x86
		{92F4C7D5-BB9B-46A9-A67C-CF378CF2C8BE}.Debug|x86.Build.0 = Debug|x86
		{92F4C7D5-BB9B-46A9-A67C-CF378CF2C8BE}.Release|Any CPU.ActiveCfg = Release|Any CPU
		{92F4C7D5-BB9B-46A9-A67C-CF378CF2C8BE}.Release|Any CPU.Build.0 = Release|Any CPU
		{92F4C7D5-BB9B-46A9-A67C-CF378CF2C8BE}.Release|Mixed Platforms.ActiveCfg = Release|x86
		{92F4C7D5-BB9B-46A9-A67C-CF378CF2C8BE}.Release|Mixed Platforms.Build.0 = Release|x86
		{92F4C7D5-BB9B-46A9-A67C-CF378CF2C8BE}.Release|x86.ActiveCfg = Release|Any CPU
		{5B405EEF-37A5-43F1-A06F-636773D953BA}.Debug|Any CPU.ActiveCfg = Debug|Any CPU
		{5B405EEF-37A5-43F1-A06F-636773D953BA}.Debug|Any CPU.Build.0 = Debug|Any CPU
		{5B405EEF-37A5-43F1-A06F-636773D953BA}.Debug|Mixed Platforms.ActiveCfg = Debug|x86
		{5B405EEF-37A5-43F1-A06F-636773D953BA}.Debug|Mixed Platforms.Build.0 = Debug|x86
		{5B405EEF-37A5-43F1-A06F-636773D953BA}.Debug|x86.ActiveCfg = Debug|x86
		{5B405EEF-37A5-43F1-A06F-636773D953BA}.Debug|x86.Build.0 = Debug|x86
		{5B405EEF-37A5-43F1-A06F-636773D953BA}.Release|Any CPU.ActiveCfg = Release|Any CPU
		{5B405EEF-37A5-43F1-A06F-636773D953BA}.Release|Any CPU.Build.0 = Release|Any CPU
		{5B405EEF-37A5-43F1-A06F-636773D953BA}.Release|Mixed Platforms.ActiveCfg = Release|x86
		{5B405EEF-37A5-43F1-A06F-636773D953BA}.Release|Mixed Platforms.Build.0 = Release|x86
		{5B405EEF-37A5-43F1-A06F-636773D953BA}.Release|x86.ActiveCfg = Release|Any CPU
		{7077F80F-A0C9-4812-8F23-8E2D60388EC4}.Debug|Any CPU.ActiveCfg = Debug|Any CPU
		{7077F80F-A0C9-4812-8F23-8E2D60388EC4}.Debug|Any CPU.Build.0 = Debug|Any CPU
		{7077F80F-A0C9-4812-8F23-8E2D60388EC4}.Debug|Mixed Platforms.ActiveCfg = Debug|x86
		{7077F80F-A0C9-4812-8F23-8E2D60388EC4}.Debug|Mixed Platforms.Build.0 = Debug|x86
		{7077F80F-A0C9-4812-8F23-8E2D60388EC4}.Debug|x86.ActiveCfg = Debug|x86
		{7077F80F-A0C9-4812-8F23-8E2D60388EC4}.Debug|x86.Build.0 = Debug|x86
		{7077F80F-A0C9-4812-8F23-8E2D60388EC4}.Release|Any CPU.ActiveCfg = Release|Any CPU
		{7077F80F-A0C9-4812-8F23-8E2D60388EC4}.Release|Any CPU.Build.0 = Release|Any CPU
		{7077F80F-A0C9-4812-8F23-8E2D60388EC4}.Release|Mixed Platforms.ActiveCfg = Release|x86
		{7077F80F-A0C9-4812-8F23-8E2D60388EC4}.Release|Mixed Platforms.Build.0 = Release|x86
		{7077F80F-A0C9-4812-8F23-8E2D60388EC4}.Release|x86.ActiveCfg = Release|Any CPU
		{0969A238-5835-4619-B33B-9BC0F6258587}.Debug|Any CPU.ActiveCfg = Debug|x86
		{0969A238-5835-4619-B33B-9BC0F6258587}.Debug|Mixed Platforms.ActiveCfg = Debug|x86
		{0969A238-5835-4619-B33B-9BC0F6258587}.Debug|Mixed Platforms.Build.0 = Debug|x86
		{0969A238-5835-4619-B33B-9BC0F6258587}.Debug|x86.ActiveCfg = Debug|x86
		{0969A238-5835-4619-B33B-9BC0F6258587}.Debug|x86.Build.0 = Debug|x86
		{0969A238-5835-4619-B33B-9BC0F6258587}.Release|Any CPU.ActiveCfg = Release|x86
		{0969A238-5835-4619-B33B-9BC0F6258587}.Release|Mixed Platforms.ActiveCfg = Release|x86
		{0969A238-5835-4619-B33B-9BC0F6258587}.Release|Mixed Platforms.Build.0 = Release|x86
		{0969A238-5835-4619-B33B-9BC0F6258587}.Release|x86.ActiveCfg = Release|x86
		{0969A238-5835-4619-B33B-9BC0F6258587}.Release|x86.Build.0 = Release|x86
		{8F985F19-E5A3-4A0C-BC3E-D174C539703F}.Debug|Any CPU.ActiveCfg = Debug|Any CPU
		{8F985F19-E5A3-4A0C-BC3E-D174C539703F}.Debug|Any CPU.Build.0 = Debug|Any CPU
		{8F985F19-E5A3-4A0C-BC3E-D174C539703F}.Debug|Mixed Platforms.ActiveCfg = Debug|Any CPU
		{8F985F19-E5A3-4A0C-BC3E-D174C539703F}.Debug|Mixed Platforms.Build.0 = Debug|Any CPU
		{8F985F19-E5A3-4A0C-BC3E-D174C539703F}.Debug|x86.ActiveCfg = Debug|Any CPU
		{8F985F19-E5A3-4A0C-BC3E-D174C539703F}.Release|Any CPU.ActiveCfg = Release|Any CPU
		{8F985F19-E5A3-4A0C-BC3E-D174C539703F}.Release|Any CPU.Build.0 = Release|Any CPU
		{8F985F19-E5A3-4A0C-BC3E-D174C539703F}.Release|Mixed Platforms.ActiveCfg = Release|Any CPU
		{8F985F19-E5A3-4A0C-BC3E-D174C539703F}.Release|Mixed Platforms.Build.0 = Release|Any CPU
		{8F985F19-E5A3-4A0C-BC3E-D174C539703F}.Release|x86.ActiveCfg = Release|Any CPU
		{54B7EA1C-FA44-4287-BDDF-38189FD096BC}.Debug|Any CPU.ActiveCfg = Debug|Any CPU
		{54B7EA1C-FA44-4287-BDDF-38189FD096BC}.Debug|Any CPU.Build.0 = Debug|Any CPU
		{54B7EA1C-FA44-4287-BDDF-38189FD096BC}.Debug|Mixed Platforms.ActiveCfg = Debug|Any CPU
		{54B7EA1C-FA44-4287-BDDF-38189FD096BC}.Debug|Mixed Platforms.Build.0 = Debug|Any CPU
		{54B7EA1C-FA44-4287-BDDF-38189FD096BC}.Debug|x86.ActiveCfg = Debug|Any CPU
		{54B7EA1C-FA44-4287-BDDF-38189FD096BC}.Release|Any CPU.ActiveCfg = Release|Any CPU
		{54B7EA1C-FA44-4287-BDDF-38189FD096BC}.Release|Any CPU.Build.0 = Release|Any CPU
		{54B7EA1C-FA44-4287-BDDF-38189FD096BC}.Release|Mixed Platforms.ActiveCfg = Release|Any CPU
		{54B7EA1C-FA44-4287-BDDF-38189FD096BC}.Release|Mixed Platforms.Build.0 = Release|Any CPU
		{54B7EA1C-FA44-4287-BDDF-38189FD096BC}.Release|x86.ActiveCfg = Release|Any CPU
		{8B630C66-D4AA-4FD0-BE9D-7F8411E98B2D}.Debug|Any CPU.ActiveCfg = Debug|Any CPU
		{8B630C66-D4AA-4FD0-BE9D-7F8411E98B2D}.Debug|Any CPU.Build.0 = Debug|Any CPU
		{8B630C66-D4AA-4FD0-BE9D-7F8411E98B2D}.Debug|Mixed Platforms.ActiveCfg = Debug|Any CPU
		{8B630C66-D4AA-4FD0-BE9D-7F8411E98B2D}.Debug|Mixed Platforms.Build.0 = Debug|Any CPU
		{8B630C66-D4AA-4FD0-BE9D-7F8411E98B2D}.Debug|x86.ActiveCfg = Debug|Any CPU
		{8B630C66-D4AA-4FD0-BE9D-7F8411E98B2D}.Release|Any CPU.ActiveCfg = Release|Any CPU
		{8B630C66-D4AA-4FD0-BE9D-7F8411E98B2D}.Release|Any CPU.Build.0 = Release|Any CPU
		{8B630C66-D4AA-4FD0-BE9D-7F8411E98B2D}.Release|Mixed Platforms.ActiveCfg = Release|Any CPU
		{8B630C66-D4AA-4FD0-BE9D-7F8411E98B2D}.Release|Mixed Platforms.Build.0 = Release|Any CPU
		{8B630C66-D4AA-4FD0-BE9D-7F8411E98B2D}.Release|x86.ActiveCfg = Release|Any CPU
		{2BBFF07F-123B-4B5E-9475-6359AE84F72A}.Debug|Any CPU.ActiveCfg = Debug|Any CPU
		{2BBFF07F-123B-4B5E-9475-6359AE84F72A}.Debug|Any CPU.Build.0 = Debug|Any CPU
		{2BBFF07F-123B-4B5E-9475-6359AE84F72A}.Debug|Mixed Platforms.ActiveCfg = Debug|Any CPU
		{2BBFF07F-123B-4B5E-9475-6359AE84F72A}.Debug|Mixed Platforms.Build.0 = Debug|Any CPU
		{2BBFF07F-123B-4B5E-9475-6359AE84F72A}.Debug|x86.ActiveCfg = Debug|Any CPU
		{2BBFF07F-123B-4B5E-9475-6359AE84F72A}.Release|Any CPU.ActiveCfg = Release|Any CPU
		{2BBFF07F-123B-4B5E-9475-6359AE84F72A}.Release|Any CPU.Build.0 = Release|Any CPU
		{2BBFF07F-123B-4B5E-9475-6359AE84F72A}.Release|Mixed Platforms.ActiveCfg = Release|Any CPU
		{2BBFF07F-123B-4B5E-9475-6359AE84F72A}.Release|Mixed Platforms.Build.0 = Release|Any CPU
		{2BBFF07F-123B-4B5E-9475-6359AE84F72A}.Release|x86.ActiveCfg = Release|Any CPU
		{CF63D098-A9FD-47DB-8F0A-8B97383CB5F7}.Debug|Any CPU.ActiveCfg = Debug|Any CPU
		{CF63D098-A9FD-47DB-8F0A-8B97383CB5F7}.Debug|Any CPU.Build.0 = Debug|Any CPU
		{CF63D098-A9FD-47DB-8F0A-8B97383CB5F7}.Debug|Mixed Platforms.ActiveCfg = Debug|Any CPU
		{CF63D098-A9FD-47DB-8F0A-8B97383CB5F7}.Debug|Mixed Platforms.Build.0 = Debug|Any CPU
		{CF63D098-A9FD-47DB-8F0A-8B97383CB5F7}.Debug|x86.ActiveCfg = Debug|Any CPU
		{CF63D098-A9FD-47DB-8F0A-8B97383CB5F7}.Release|Any CPU.ActiveCfg = Release|Any CPU
		{CF63D098-A9FD-47DB-8F0A-8B97383CB5F7}.Release|Any CPU.Build.0 = Release|Any CPU
		{CF63D098-A9FD-47DB-8F0A-8B97383CB5F7}.Release|Mixed Platforms.ActiveCfg = Release|Any CPU
		{CF63D098-A9FD-47DB-8F0A-8B97383CB5F7}.Release|Mixed Platforms.Build.0 = Release|Any CPU
		{CF63D098-A9FD-47DB-8F0A-8B97383CB5F7}.Release|x86.ActiveCfg = Release|Any CPU
		{E8F708C9-3481-4738-8057-640CF3F97833}.Debug|Any CPU.ActiveCfg = Debug|Any CPU
		{E8F708C9-3481-4738-8057-640CF3F97833}.Debug|Any CPU.Build.0 = Debug|Any CPU
		{E8F708C9-3481-4738-8057-640CF3F97833}.Debug|Mixed Platforms.ActiveCfg = Debug|Any CPU
		{E8F708C9-3481-4738-8057-640CF3F97833}.Debug|Mixed Platforms.Build.0 = Debug|Any CPU
		{E8F708C9-3481-4738-8057-640CF3F97833}.Debug|x86.ActiveCfg = Debug|Any CPU
		{E8F708C9-3481-4738-8057-640CF3F97833}.Release|Any CPU.ActiveCfg = Release|Any CPU
		{E8F708C9-3481-4738-8057-640CF3F97833}.Release|Any CPU.Build.0 = Release|Any CPU
		{E8F708C9-3481-4738-8057-640CF3F97833}.Release|Mixed Platforms.ActiveCfg = Release|Any CPU
		{E8F708C9-3481-4738-8057-640CF3F97833}.Release|Mixed Platforms.Build.0 = Release|Any CPU
		{E8F708C9-3481-4738-8057-640CF3F97833}.Release|x86.ActiveCfg = Release|Any CPU
		{CE96F074-5961-4D8D-9071-9769A454C312}.Debug|Any CPU.ActiveCfg = Debug|Any CPU
		{CE96F074-5961-4D8D-9071-9769A454C312}.Debug|Any CPU.Build.0 = Debug|Any CPU
		{CE96F074-5961-4D8D-9071-9769A454C312}.Debug|Mixed Platforms.ActiveCfg = Debug|Any CPU
		{CE96F074-5961-4D8D-9071-9769A454C312}.Debug|Mixed Platforms.Build.0 = Debug|Any CPU
		{CE96F074-5961-4D8D-9071-9769A454C312}.Debug|x86.ActiveCfg = Debug|Any CPU
		{CE96F074-5961-4D8D-9071-9769A454C312}.Release|Any CPU.ActiveCfg = Release|Any CPU
		{CE96F074-5961-4D8D-9071-9769A454C312}.Release|Any CPU.Build.0 = Release|Any CPU
		{CE96F074-5961-4D8D-9071-9769A454C312}.Release|Mixed Platforms.ActiveCfg = Release|Any CPU
		{CE96F074-5961-4D8D-9071-9769A454C312}.Release|Mixed Platforms.Build.0 = Release|Any CPU
		{CE96F074-5961-4D8D-9071-9769A454C312}.Release|x86.ActiveCfg = Release|Any CPU
		{E56F4C35-49AB-41F6-ABFD-77424F2E00D8}.Debug|Any CPU.ActiveCfg = Debug|Any CPU
		{E56F4C35-49AB-41F6-ABFD-77424F2E00D8}.Debug|Any CPU.Build.0 = Debug|Any CPU
		{E56F4C35-49AB-41F6-ABFD-77424F2E00D8}.Debug|Mixed Platforms.ActiveCfg = Debug|Any CPU
		{E56F4C35-49AB-41F6-ABFD-77424F2E00D8}.Debug|Mixed Platforms.Build.0 = Debug|Any CPU
		{E56F4C35-49AB-41F6-ABFD-77424F2E00D8}.Debug|x86.ActiveCfg = Debug|Any CPU
		{E56F4C35-49AB-41F6-ABFD-77424F2E00D8}.Release|Any CPU.ActiveCfg = Release|Any CPU
		{E56F4C35-49AB-41F6-ABFD-77424F2E00D8}.Release|Any CPU.Build.0 = Release|Any CPU
		{E56F4C35-49AB-41F6-ABFD-77424F2E00D8}.Release|Mixed Platforms.ActiveCfg = Release|Any CPU
		{E56F4C35-49AB-41F6-ABFD-77424F2E00D8}.Release|Mixed Platforms.Build.0 = Release|Any CPU
		{E56F4C35-49AB-41F6-ABFD-77424F2E00D8}.Release|x86.ActiveCfg = Release|Any CPU
		{E4FF8B4B-BADD-4E2B-A63D-EA7027475C52}.Debug|Any CPU.ActiveCfg = Debug|Any CPU
		{E4FF8B4B-BADD-4E2B-A63D-EA7027475C52}.Debug|Any CPU.Build.0 = Debug|Any CPU
		{E4FF8B4B-BADD-4E2B-A63D-EA7027475C52}.Debug|Mixed Platforms.ActiveCfg = Debug|Any CPU
		{E4FF8B4B-BADD-4E2B-A63D-EA7027475C52}.Debug|Mixed Platforms.Build.0 = Debug|Any CPU
		{E4FF8B4B-BADD-4E2B-A63D-EA7027475C52}.Debug|x86.ActiveCfg = Debug|Any CPU
		{E4FF8B4B-BADD-4E2B-A63D-EA7027475C52}.Release|Any CPU.ActiveCfg = Release|Any CPU
		{E4FF8B4B-BADD-4E2B-A63D-EA7027475C52}.Release|Any CPU.Build.0 = Release|Any CPU
		{E4FF8B4B-BADD-4E2B-A63D-EA7027475C52}.Release|Mixed Platforms.ActiveCfg = Release|Any CPU
		{E4FF8B4B-BADD-4E2B-A63D-EA7027475C52}.Release|Mixed Platforms.Build.0 = Release|Any CPU
		{E4FF8B4B-BADD-4E2B-A63D-EA7027475C52}.Release|x86.ActiveCfg = Release|Any CPU
	EndGlobalSection
	GlobalSection(SolutionProperties) = preSolution
		HideSolutionNode = FALSE
	EndGlobalSection
EndGlobal
